
Microsoft Visual Studio Solution File, Format Version 12.00
# Visual Studio Version 17
VisualStudioVersion = 17.6.33829.357
MinimumVisualStudioVersion = 10.0.40219.1
Project("{8BC9CEB8-8B4A-11D0-8D11-00A0C91BC942}") = "28循环结构while案例练习", "28循环结构while案例练习\28循环结构while案例练习.vcxproj", "{AF10A6F5-F93F-481F-ABC6-C7B5D6555F88}"
EndProject
Global
	GlobalSection(SolutionConfigurationPlatforms) = preSolution
		Debug|x64 = Debug|x64
		Debug|x86 = Debug|x86
		Release|x64 = Release|x64
		Release|x86 = Release|x86
	EndGlobalSection
	GlobalSection(ProjectConfigurationPlatforms) = postSolution
		{AF10A6F5-F93F-481F-ABC6-C7B5D6555F88}.Debug|x64.ActiveCfg = Debug|x64
		{AF10A6F5-F93F-481F-ABC6-C7B5D6555F88}.Debug|x64.Build.0 = Debug|x64
		{AF10A6F5-F93F-481F-ABC6-C7B5D6555F88}.Debug|x86.ActiveCfg = Debug|Win32
		{AF10A6F5-F93F-481F-ABC6-C7B5D6555F88}.Debug|x86.Build.0 = Debug|Win32
		{AF10A6F5-F93F-481F-ABC6-C7B5D6555F88}.Release|x64.ActiveCfg = Release|x64
		{AF10A6F5-F93F-481F-ABC6-C7B5D6555F88}.Release|x64.Build.0 = Release|x64
		{AF10A6F5-F93F-481F-ABC6-C7B5D6555F88}.Release|x86.ActiveCfg = Release|Win32
		{AF10A6F5-F93F-481F-ABC6-C7B5D6555F88}.Release|x86.Build.0 = Release|Win32
	EndGlobalSection
	GlobalSection(SolutionProperties) = preSolution
		HideSolutionNode = FALSE
	EndGlobalSection
	GlobalSection(ExtensibilityGlobals) = postSolution
		SolutionGuid = {3E8539C6-3B79-4A86-B8B4-5FA1320350E4}
	EndGlobalSection
EndGlobal
