
Microsoft Visual Studio Solution File, Format Version 12.00
# Visual Studio Version 17
VisualStudioVersion = 17.6.33829.357
MinimumVisualStudioVersion = 10.0.40219.1
Project("{8BC9CEB8-8B4A-11D0-8D11-00A0C91BC942}") = "21选择结构多行if", "21选择结构多行if\21选择结构多行if.vcxproj", "{49EA5BE5-2C36-40EC-863A-2835407CAB29}"
EndProject
Global
	GlobalSection(SolutionConfigurationPlatforms) = preSolution
		Debug|x64 = Debug|x64
		Debug|x86 = Debug|x86
		Release|x64 = Release|x64
		Release|x86 = Release|x86
	EndGlobalSection
	GlobalSection(ProjectConfigurationPlatforms) = postSolution
		{49EA5BE5-2C36-40EC-863A-2835407CAB29}.Debug|x64.ActiveCfg = Debug|x64
		{49EA5BE5-2C36-40EC-863A-2835407CAB29}.Debug|x64.Build.0 = Debug|x64
		{49EA5BE5-2C36-40EC-863A-2835407CAB29}.Debug|x86.ActiveCfg = Debug|Win32
		{49EA5BE5-2C36-40EC-863A-2835407CAB29}.Debug|x86.Build.0 = Debug|Win32
		{49EA5BE5-2C36-40EC-863A-2835407CAB29}.Release|x64.ActiveCfg = Release|x64
		{49EA5BE5-2C36-40EC-863A-2835407CAB29}.Release|x64.Build.0 = Release|x64
		{49EA5BE5-2C36-40EC-863A-2835407CAB29}.Release|x86.ActiveCfg = Release|Win32
		{49EA5BE5-2C36-40EC-863A-2835407CAB29}.Release|x86.Build.0 = Release|Win32
	EndGlobalSection
	GlobalSection(SolutionProperties) = preSolution
		HideSolutionNode = FALSE
	EndGlobalSection
	GlobalSection(ExtensibilityGlobals) = postSolution
		SolutionGuid = {344896F0-3027-4821-8124-12247CCD1F96}
	EndGlobalSection
EndGlobal
